
Microsoft Visual Studio Solution File, Format Version 12.00
# Visual Studio Version 17
VisualStudioVersion = 17.5.002.0
MinimumVisualStudioVersion = 10.0.40219.1
Project("{9A19103F-16F7-4668-BE54-9A1E7A4F7556}") = "DioCSharpExemploFundamentos", "DioCSharpExemploFundamentos\DioCSharp.csproj", "{23EC9544-B75C-41B4-9099-19FA45BA88DE}"
EndProject
Project("{FAE04EC0-301F-11D3-BF4B-00C04F79EFBC}") = "DioCSharpExemploFundamentos.Common", "DioCSharpExemploFundamentos.Common\DioCSharpExemploFundamentos.Common.csproj", "{CF01F697-B87C-4153-8B8A-FC68109EC0E2}"
EndProject
Global
	GlobalSection(SolutionConfigurationPlatforms) = preSolution
		Debug|Any CPU = Debug|Any CPU
		Release|Any CPU = Release|Any CPU
	EndGlobalSection
	GlobalSection(ProjectConfigurationPlatforms) = postSolution
		{23EC9544-B75C-41B4-9099-19FA45BA88DE}.Debug|Any CPU.ActiveCfg = Debug|Any CPU
		{23EC9544-B75C-41B4-9099-19FA45BA88DE}.Debug|Any CPU.Build.0 = Debug|Any CPU
		{23EC9544-B75C-41B4-9099-19FA45BA88DE}.Release|Any CPU.ActiveCfg = Release|Any CPU
		{23EC9544-B75C-41B4-9099-19FA45BA88DE}.Release|Any CPU.Build.0 = Release|Any CPU
		{CF01F697-B87C-4153-8B8A-FC68109EC0E2}.Debug|Any CPU.ActiveCfg = Debug|Any CPU
		{CF01F697-B87C-4153-8B8A-FC68109EC0E2}.Debug|Any CPU.Build.0 = Debug|Any CPU
		{CF01F697-B87C-4153-8B8A-FC68109EC0E2}.Release|Any CPU.ActiveCfg = Release|Any CPU
		{CF01F697-B87C-4153-8B8A-FC68109EC0E2}.Release|Any CPU.Build.0 = Release|Any CPU
	EndGlobalSection
	GlobalSection(SolutionProperties) = preSolution
		HideSolutionNode = FALSE
	EndGlobalSection
	GlobalSection(ExtensibilityGlobals) = postSolution
		SolutionGuid = {5F913D3E-EADB-409A-8D3A-76EB1C75ACD5}
	EndGlobalSection
EndGlobal
